// !$*UTF8*$!
{
	archiveVersion = 1;
	classes = {
	};
	objectVersion = 50;
	objects = {

/* Begin PBXBuildFile section */
		69FBEA5723BEFA5200370463 /* AppDelegate.swift in Sources */ = {isa = PBXBuildFile; fileRef = 69FBEA5623BEFA5200370463 /* AppDelegate.swift */; };
		69FBEA5923BEFA5200370463 /* SceneDelegate.swift in Sources */ = {isa = PBXBuildFile; fileRef = 69FBEA5823BEFA5200370463 /* SceneDelegate.swift */; };
		69FBEA5B23BEFA5200370463 /* ContentView.swift in Sources */ = {isa = PBXBuildFile; fileRef = 69FBEA5A23BEFA5200370463 /* ContentView.swift */; };
		69FBEA5D23BEFA5500370463 /* Assets.xcassets in Resources */ = {isa = PBXBuildFile; fileRef = 69FBEA5C23BEFA5500370463 /* Assets.xcassets */; };
		69FBEA6023BEFA5500370463 /* Preview Assets.xcassets in Resources */ = {isa = PBXBuildFile; fileRef = 69FBEA5F23BEFA5500370463 /* Preview Assets.xcassets */; };
		69FBEA6323BEFA5500370463 /* LaunchScreen.storyboard in Resources */ = {isa = PBXBuildFile; fileRef = 69FBEA6123BEFA5500370463 /* LaunchScreen.storyboard */; };
		69FBEA6C23BEFA7A00370463 /* TodoScreen.swift in Sources */ = {isa = PBXBuildFile; fileRef = 69FBEA6B23BEFA7A00370463 /* TodoScreen.swift */; };
		69FBEA6F23BEFAA800370463 /* Todo.swift in Sources */ = {isa = PBXBuildFile; fileRef = 69FBEA6E23BEFAA800370463 /* Todo.swift */; };
		69FBEA7223BEFFB900370463 /* TodoStore.swift in Sources */ = {isa = PBXBuildFile; fileRef = 69FBEA7123BEFFB900370463 /* TodoStore.swift */; };
		69FBEA7423BF06A100370463 /* CondensedSceen.swift in Sources */ = {isa = PBXBuildFile; fileRef = 69FBEA7323BF06A100370463 /* CondensedSceen.swift */; };
		69FBEA7623BF074B00370463 /* StoreManager.swift in Sources */ = {isa = PBXBuildFile; fileRef = 69FBEA7523BF074B00370463 /* StoreManager.swift */; };
/* End PBXBuildFile section */

/* Begin PBXFileReference section */
		69FBEA5323BEFA5200370463 /* TodoApp.app */ = {isa = PBXFileReference; explicitFileType = wrapper.application; includeInIndex = 0; path = TodoApp.app; sourceTree = BUILT_PRODUCTS_DIR; };
		69FBEA5623BEFA5200370463 /* AppDelegate.swift */ = {isa = PBXFileReference; lastKnownFileType = sourcecode.swift; path = AppDelegate.swift; sourceTree = "<group>"; };
		69FBEA5823BEFA5200370463 /* SceneDelegate.swift */ = {isa = PBXFileReference; lastKnownFileType = sourcecode.swift; path = SceneDelegate.swift; sourceTree = "<group>"; };
		69FBEA5A23BEFA5200370463 /* ContentView.swift */ = {isa = PBXFileReference; lastKnownFileType = sourcecode.swift; path = ContentView.swift; sourceTree = "<group>"; };
		69FBEA5C23BEFA5500370463 /* Assets.xcassets */ = {isa = PBXFileReference; lastKnownFileType = folder.assetcatalog; path = Assets.xcassets; sourceTree = "<group>"; };
		69FBEA5F23BEFA5500370463 /* Preview Assets.xcassets */ = {isa = PBXFileReference; lastKnownFileType = folder.assetcatalog; path = "Preview Assets.xcassets"; sourceTree = "<group>"; };
		69FBEA6223BEFA5500370463 /* Base */ = {isa = PBXFileReference; lastKnownFileType = file.storyboard; name = Base; path = Base.lproj/LaunchScreen.storyboard; sourceTree = "<group>"; };
		69FBEA6423BEFA5500370463 /* Info.plist */ = {isa = PBXFileReference; lastKnownFileType = text.plist.xml; path = Info.plist; sourceTree = "<group>"; };
		69FBEA6B23BEFA7A00370463 /* TodoScreen.swift */ = {isa = PBXFileReference; lastKnownFileType = sourcecode.swift; path = TodoScreen.swift; sourceTree = "<group>"; };
		69FBEA6E23BEFAA800370463 /* Todo.swift */ = {isa = PBXFileReference; lastKnownFileType = sourcecode.swift; path = Todo.swift; sourceTree = "<group>"; };
		69FBEA7123BEFFB900370463 /* TodoStore.swift */ = {isa = PBXFileReference; lastKnownFileType = sourcecode.swift; path = TodoStore.swift; sourceTree = "<group>"; };
		69FBEA7323BF06A100370463 /* CondensedSceen.swift */ = {isa = PBXFileReference; lastKnownFileType = sourcecode.swift; path = CondensedSceen.swift; sourceTree = "<group>"; };
		69FBEA7523BF074B00370463 /* StoreManager.swift */ = {isa = PBXFileReference; lastKnownFileType = sourcecode.swift; path = StoreManager.swift; sourceTree = "<group>"; };
/* End PBXFileReference section */

/* Begin PBXFrameworksBuildPhase section */
		69FBEA5023BEFA5200370463 /* Frameworks */ = {
			isa = PBXFrameworksBuildPhase;
			buildActionMask = 2147483647;
			files = (
			);
			runOnlyForDeploymentPostprocessing = 0;
		};
/* End PBXFrameworksBuildPhase section */

/* Begin PBXGroup section */
		69FBEA4A23BEFA5200370463 = {
			isa = PBXGroup;
			children = (
				69FBEA5523BEFA5200370463 /* TodoApp */,
				69FBEA5423BEFA5200370463 /* Products */,
			);
			sourceTree = "<group>";
		};
		69FBEA5423BEFA5200370463 /* Products */ = {
			isa = PBXGroup;
			children = (
				69FBEA5323BEFA5200370463 /* TodoApp.app */,
			);
			name = Products;
			sourceTree = "<group>";
		};
		69FBEA5523BEFA5200370463 /* TodoApp */ = {
			isa = PBXGroup;
			children = (
				69FBEA7023BEFFAA00370463 /* Store */,
				69FBEA6D23BEFA8B00370463 /* Model */,
				69FBEA6A23BEFA6A00370463 /* Screens */,
				69FBEA5623BEFA5200370463 /* AppDelegate.swift */,
				69FBEA5823BEFA5200370463 /* SceneDelegate.swift */,
				69FBEA5A23BEFA5200370463 /* ContentView.swift */,
				69FBEA5C23BEFA5500370463 /* Assets.xcassets */,
				69FBEA6123BEFA5500370463 /* LaunchScreen.storyboard */,
				69FBEA6423BEFA5500370463 /* Info.plist */,
				69FBEA5E23BEFA5500370463 /* Preview Content */,
			);
			path = TodoApp;
			sourceTree = "<group>";
		};
		69FBEA5E23BEFA5500370463 /* Preview Content */ = {
			isa = PBXGroup;
			children = (
				69FBEA5F23BEFA5500370463 /* Preview Assets.xcassets */,
			);
			path = "Preview Content";
			sourceTree = "<group>";
		};
		69FBEA6A23BEFA6A00370463 /* Screens */ = {
			isa = PBXGroup;
			children = (
				69FBEA6B23BEFA7A00370463 /* TodoScreen.swift */,
				69FBEA7323BF06A100370463 /* CondensedSceen.swift */,
			);
			path = Screens;
			sourceTree = "<group>";
		};
		69FBEA6D23BEFA8B00370463 /* Model */ = {
			isa = PBXGroup;
			children = (
				69FBEA6E23BEFAA800370463 /* Todo.swift */,
			);
			path = Model;
			sourceTree = "<group>";
		};
		69FBEA7023BEFFAA00370463 /* Store */ = {
			isa = PBXGroup;
			children = (
				69FBEA7123BEFFB900370463 /* TodoStore.swift */,
				69FBEA7523BF074B00370463 /* StoreManager.swift */,
			);
			path = Store;
			sourceTree = "<group>";
		};
/* End PBXGroup section */

/* Begin PBXNativeTarget section */
		69FBEA5223BEFA5200370463 /* TodoApp */ = {
			isa = PBXNativeTarget;
			buildConfigurationList = 69FBEA6723BEFA5500370463 /* Build configuration list for PBXNativeTarget "TodoApp" */;
			buildPhases = (
				69FBEA4F23BEFA5200370463 /* Sources */,
				69FBEA5023BEFA5200370463 /* Frameworks */,
				69FBEA5123BEFA5200370463 /* Resources */,
			);
			buildRules = (
			);
			dependencies = (
			);
			name = TodoApp;
			productName = TodoApp;
			productReference = 69FBEA5323BEFA5200370463 /* TodoApp.app */;
			productType = "com.apple.product-type.application";
		};
/* End PBXNativeTarget section */

/* Begin PBXProject section */
		69FBEA4B23BEFA5200370463 /* Project object */ = {
			isa = PBXProject;
			attributes = {
				LastSwiftUpdateCheck = 1130;
				LastUpgradeCheck = 1130;
				ORGANIZATIONNAME = "Jay Phillips";
				TargetAttributes = {
					69FBEA5223BEFA5200370463 = {
						CreatedOnToolsVersion = 11.3;
					};
				};
			};
			buildConfigurationList = 69FBEA4E23BEFA5200370463 /* Build configuration list for PBXProject "TodoApp" */;
			compatibilityVersion = "Xcode 9.3";
			developmentRegion = en;
			hasScannedForEncodings = 0;
			knownRegions = (
				en,
				Base,
			);
			mainGroup = 69FBEA4A23BEFA5200370463;
			productRefGroup = 69FBEA5423BEFA5200370463 /* Products */;
			projectDirPath = "";
			projectRoot = "";
			targets = (
				69FBEA5223BEFA5200370463 /* TodoApp */,
			);
		};
/* End PBXProject section */

/* Begin PBXResourcesBuildPhase section */
		69FBEA5123BEFA5200370463 /* Resources */ = {
			isa = PBXResourcesBuildPhase;
			buildActionMask = 2147483647;
			files = (
				69FBEA6323BEFA5500370463 /* LaunchScreen.storyboard in Resources */,
				69FBEA6023BEFA5500370463 /* Preview Assets.xcassets in Resources */,
				69FBEA5D23BEFA5500370463 /* Assets.xcassets in Resources */,
			);
			runOnlyForDeploymentPostprocessing = 0;
		};
/* End PBXResourcesBuildPhase section */

/* Begin PBXSourcesBuildPhase section */
		69FBEA4F23BEFA5200370463 /* Sources */ = {
			isa = PBXSourcesBuildPhase;
			buildActionMask = 2147483647;
			files = (
				69FBEA5723BEFA5200370463 /* AppDelegate.swift in Sources */,
				69FBEA7423BF06A100370463 /* CondensedSceen.swift in Sources */,
				69FBEA6C23BEFA7A00370463 /* TodoScreen.swift in Sources */,
				69FBEA5923BEFA5200370463 /* SceneDelegate.swift in Sources */,
				69FBEA5B23BEFA5200370463 /* ContentView.swift in Sources */,
				69FBEA7623BF074B00370463 /* StoreManager.swift in Sources */,
				69FBEA6F23BEFAA800370463 /* Todo.swift in Sources */,
				69FBEA7223BEFFB900370463 /* TodoStore.swift in Sources */,
			);
			runOnlyForDeploymentPostprocessing = 0;
		};
/* End PBXSourcesBuildPhase section */

/* Begin PBXVariantGroup section */
		69FBEA6123BEFA5500370463 /* LaunchScreen.storyboard */ = {
			isa = PBXVariantGroup;
			children = (
				69FBEA6223BEFA5500370463 /* Base */,
			);
			name = LaunchScreen.storyboard;
			sourceTree = "<group>";
		};
/* End PBXVariantGroup section */

/* Begin XCBuildConfiguration section */
		69FBEA6523BEFA5500370463 /* Debug */ = {
			isa = XCBuildConfiguration;
			buildSettings = {
				ALWAYS_SEARCH_USER_PATHS = NO;
				CLANG_ANALYZER_NONNULL = YES;
				CLANG_ANALYZER_NUMBER_OBJECT_CONVERSION = YES_AGGRESSIVE;
				CLANG_CXX_LANGUAGE_STANDARD = "gnu++14";
				CLANG_CXX_LIBRARY = "libc++";
				CLANG_ENABLE_MODULES = YES;
				CLANG_ENABLE_OBJC_ARC = YES;
				CLANG_ENABLE_OBJC_WEAK = YES;
				CLANG_WARN_BLOCK_CAPTURE_AUTORELEASING = YES;
				CLANG_WARN_BOOL_CONVERSION = YES;
				CLANG_WARN_COMMA = YES;
				CLANG_WARN_CONSTANT_CONVERSION = YES;
				CLANG_WARN_DEPRECATED_OBJC_IMPLEMENTATIONS = YES;
				CLANG_WARN_DIRECT_OBJC_ISA_USAGE = YES_ERROR;
				CLANG_WARN_DOCUMENTATION_COMMENTS = YES;
				CLANG_WARN_EMPTY_BODY = YES;
				CLANG_WARN_ENUM_CONVERSION = YES;
				CLANG_WARN_INFINITE_RECURSION = YES;
				CLANG_WARN_INT_CONVERSION = YES;
				CLANG_WARN_NON_LITERAL_NULL_CONVERSION = YES;
				CLANG_WARN_OBJC_IMPLICIT_RETAIN_SELF = YES;
				CLANG_WARN_OBJC_LITERAL_CONVERSION = YES;
				CLANG_WARN_OBJC_ROOT_CLASS = YES_ERROR;
				CLANG_WARN_RANGE_LOOP_ANALYSIS = YES;
				CLANG_WARN_STRICT_PROTOTYPES = YES;
				CLANG_WARN_SUSPICIOUS_MOVE = YES;
				CLANG_WARN_UNGUARDED_AVAILABILITY = YES_AGGRESSIVE;
				CLANG_WARN_UNREACHABLE_CODE = YES;
				CLANG_WARN__DUPLICATE_METHOD_MATCH = YES;
				COPY_PHASE_STRIP = NO;
				DEBUG_INFORMATION_FORMAT = dwarf;
				ENABLE_STRICT_OBJC_MSGSEND = YES;
				ENABLE_TESTABILITY = YES;
				GCC_C_LANGUAGE_STANDARD = gnu11;
				GCC_DYNAMIC_NO_PIC = NO;
				GCC_NO_COMMON_BLOCKS = YES;
				GCC_OPTIMIZATION_LEVEL = 0;
				GCC_PREPROCESSOR_DEFINITIONS = (
					"DEBUG=1",
					"$(inherited)",
				);
				GCC_WARN_64_TO_32_BIT_CONVERSION = YES;
				GCC_WARN_ABOUT_RETURN_TYPE = YES_ERROR;
				GCC_WARN_UNDECLARED_SELECTOR = YES;
				GCC_WARN_UNINITIALIZED_AUTOS = YES_AGGRESSIVE;
				GCC_WARN_UNUSED_FUNCTION = YES;
				GCC_WARN_UNUSED_VARIABLE = YES;
				IPHONEOS_DEPLOYMENT_TARGET = 13.2;
				MTL_ENABLE_DEBUG_INFO = INCLUDE_SOURCE;
				MTL_FAST_MATH = YES;
				ONLY_ACTIVE_ARCH = YES;
				SDKROOT = iphoneos;
				SWIFT_ACTIVE_COMPILATION_CONDITIONS = DEBUG;
				SWIFT_OPTIMIZATION_LEVEL = "-Onone";
			};
			name = Debug;
		};
		69FBEA6623BEFA5500370463 /* Release */ = {
			isa = XCBuildConfiguration;
			buildSettings = {
				ALWAYS_SEARCH_USER_PATHS = NO;
				CLANG_ANALYZER_NONNULL = YES;
				CLANG_ANALYZER_NUMBER_OBJECT_CONVERSION = YES_AGGRESSIVE;
				CLANG_CXX_LANGUAGE_STANDARD = "gnu++14";
				CLANG_CXX_LIBRARY = "libc++";
				CLANG_ENABLE_MODULES = YES;
				CLANG_ENABLE_OBJC_ARC = YES;
				CLANG_ENABLE_OBJC_WEAK = YES;
				CLANG_WARN_BLOCK_CAPTURE_AUTORELEASING = YES;
				CLANG_WARN_BOOL_CONVERSION = YES;
				CLANG_WARN_COMMA = YES;
				CLANG_WARN_CONSTANT_CONVERSION = YES;
				CLANG_WARN_DEPRECATED_OBJC_IMPLEMENTATIONS = YES;
				CLANG_WARN_DIRECT_OBJC_ISA_USAGE = YES_ERROR;
				CLANG_WARN_DOCUMENTATION_COMMENTS = YES;
				CLANG_WARN_EMPTY_BODY = YES;
				CLANG_WARN_ENUM_CONVERSION = YES;
				CLANG_WARN_INFINITE_RECURSION = YES;
				CLANG_WARN_INT_CONVERSION = YES;
				CLANG_WARN_NON_LITERAL_NULL_CONVERSION = YES;
				CLANG_WARN_OBJC_IMPLICIT_RETAIN_SELF = YES;
				CLANG_WARN_OBJC_LITERAL_CONVERSION = YES;
				CLANG_WARN_OBJC_ROOT_CLASS = YES_ERROR;
				CLANG_WARN_RANGE_LOOP_ANALYSIS = YES;
				CLANG_WARN_STRICT_PROTOTYPES = YES;
				CLANG_WARN_SUSPICIOUS_MOVE = YES;
				CLANG_WARN_UNGUARDED_AVAILABILITY = YES_AGGRESSIVE;
				CLANG_WARN_UNREACHABLE_CODE = YES;
				CLANG_WARN__DUPLICATE_METHOD_MATCH = YES;
				COPY_PHASE_STRIP = NO;
				DEBUG_INFORMATION_FORMAT = "dwarf-with-dsym";
				ENABLE_NS_ASSERTIONS = NO;
				ENABLE_STRICT_OBJC_MSGSEND = YES;
				GCC_C_LANGUAGE_STANDARD = gnu11;
				GCC_NO_COMMON_BLOCKS = YES;
				GCC_WARN_64_TO_32_BIT_CONVERSION = YES;
				GCC_WARN_ABOUT_RETURN_TYPE = YES_ERROR;
				GCC_WARN_UNDECLARED_SELECTOR = YES;
				GCC_WARN_UNINITIALIZED_AUTOS = YES_AGGRESSIVE;
				GCC_WARN_UNUSED_FUNCTION = YES;
				GCC_WARN_UNUSED_VARIABLE = YES;
				IPHONEOS_DEPLOYMENT_TARGET = 13.2;
				MTL_ENABLE_DEBUG_INFO = NO;
				MTL_FAST_MATH = YES;
				SDKROOT = iphoneos;
				SWIFT_COMPILATION_MODE = wholemodule;
				SWIFT_OPTIMIZATION_LEVEL = "-O";
				VALIDATE_PRODUCT = YES;
			};
			name = Release;
		};
		69FBEA6823BEFA5500370463 /* Debug */ = {
			isa = XCBuildConfiguration;
			buildSettings = {
				ASSETCATALOG_COMPILER_APPICON_NAME = AppIcon;
				CODE_SIGN_STYLE = Automatic;
				DEVELOPMENT_ASSET_PATHS = "\"TodoApp/Preview Content\"";
				DEVELOPMENT_TEAM = 35D5MY3UD7;
				ENABLE_PREVIEWS = YES;
				INFOPLIST_FILE = TodoApp/Info.plist;
				LD_RUNPATH_SEARCH_PATHS = (
					"$(inherited)",
					"@executable_path/Frameworks",
				);
				PRODUCT_BUNDLE_IDENTIFIER = net.devnasium.TodoApp;
				PRODUCT_NAME = "$(TARGET_NAME)";
				SWIFT_VERSION = 5.0;
				TARGETED_DEVICE_FAMILY = "1,2";
			};
			name = Debug;
		};
		69FBEA6923BEFA5500370463 /* Release */ = {
			isa = XCBuildConfiguration;
			buildSettings = {
				ASSETCATALOG_COMPILER_APPICON_NAME = AppIcon;
				CODE_SIGN_STYLE = Automatic;
				DEVELOPMENT_ASSET_PATHS = "\"TodoApp/Preview Content\"";
				DEVELOPMENT_TEAM = 35D5MY3UD7;
				ENABLE_PREVIEWS = YES;
				INFOPLIST_FILE = TodoApp/Info.plist;
				LD_RUNPATH_SEARCH_PATHS = (
					"$(inherited)",
					"@executable_path/Frameworks",
				);
				PRODUCT_BUNDLE_IDENTIFIER = net.devnasium.TodoApp;
				PRODUCT_NAME = "$(TARGET_NAME)";
				SWIFT_VERSION = 5.0;
				TARGETED_DEVICE_FAMILY = "1,2";
			};
			name = Release;
		};
/* End XCBuildConfiguration section */

/* Begin XCConfigurationList section */
		69FBEA4E23BEFA5200370463 /* Build configuration list for PBXProject "TodoApp" */ = {
			isa = XCConfigurationList;
			buildConfigurations = (
				69FBEA6523BEFA5500370463 /* Debug */,
				69FBEA6623BEFA5500370463 /* Release */,
			);
			defaultConfigurationIsVisible = 0;
			defaultConfigurationName = Release;
		};
		69FBEA6723BEFA5500370463 /* Build configuration list for PBXNativeTarget "TodoApp" */ = {
			isa = XCConfigurationList;
			buildConfigurations = (
				69FBEA6823BEFA5500370463 /* Debug */,
				69FBEA6923BEFA5500370463 /* Release */,
			);
			defaultConfigurationIsVisible = 0;
			defaultConfigurationName = Release;
		};
/* End XCConfigurationList section */
	};
	rootObject = 69FBEA4B23BEFA5200370463 /* Project object */;
}
